{
  "requires": true,
  "lockfileVersion": 1,
  "dependencies": {
    "react-timer-hook": {
      "version": "3.0.5",
      "resolved": "https://registry.npmjs.org/react-timer-hook/-/react-timer-hook-3.0.5.tgz",
      "integrity": "sha512-n+98SdmYvui2ne3KyWb3Ldu4k0NYQa3g/VzW6VEIfZJ8GAk/jJsIY700M8Nd2vNSTj05c7wKyQfJBqZ0x7zfiA=="
    }
  }
}
